// !$*UTF8*$!
{
	archiveVersion = 1;
	classes = {
	};
	objectVersion = 77;
	objects = {

/* Begin PBXBuildFile section */
		0BC634CE2FF79D2B00C75B28 /* Models.swift in Sources */ = {isa = PBXBuildFile; fileRef = 0BC634CD2FF79D2B00C75B28 /* Models.swift */; };
		0BC634D02FF79D3A00C75B28 /* MatchStore.swift in Sources */ = {isa = PBXBuildFile; fileRef = 0BC634CF2FF79D3A00C75B28 /* MatchStore.swift */; };
		0BC634D22FF79D4300C75B28 /* MatchesData.swift in Sources */ = {isa = PBXBuildFile; fileRef = 0BC634D12FF79D4300C75B28 /* MatchesData.swift */; };
		0BC634D42FF79D5200C75B28 /* BarcelonaShieldView.swift in Sources */ = {isa = PBXBuildFile; fileRef = 0BC634D32FF79D5200C75B28 /* BarcelonaShieldView.swift */; };
		0BC634D62FF79DAB00C75B28 /* MatchDetailSheet.swift in Sources */ = {isa = PBXBuildFile; fileRef = 0BC634D52FF79DAB00C75B28 /* MatchDetailSheet.swift */; };
		0BC634D82FF79DC000C75B28 /* StandingsSheet.swift in Sources */ = {isa = PBXBuildFile; fileRef = 0BC634D72FF79DC000C75B28 /* StandingsSheet.swift */; };
		0BC634DA2FF79DCF00C75B28 /* TopScorersSheet.swift in Sources */ = {isa = PBXBuildFile; fileRef = 0BC634D92FF79DCF00C75B28 /* TopScorersSheet.swift */; };
		0BC634DE2FF7BA9100C75B28 /* TeamLogoView.swift in Sources */ = {isa = PBXBuildFile; fileRef = 0BC634DD2FF7BA9100C75B28 /* TeamLogoView.swift */; };
/* End PBXBuildFile section */

/* Begin PBXContainerItemProxy section */
		0BC634B12FF798FE00C75B28 /* PBXContainerItemProxy */ = {
			isa = PBXContainerItemProxy;
			containerPortal = 0BC6349B2FF798FD00C75B28 /* Project object */;
			proxyType = 1;
			remoteGlobalIDString = 0BC634A22FF798FD00C75B28;
			remoteInfo = 27;
		};
		0BC634BB2FF798FE00C75B28 /* PBXContainerItemProxy */ = {
			isa = PBXContainerItemProxy;
			containerPortal = 0BC6349B2FF798FD00C75B28 /* Project object */;
			proxyType = 1;
			remoteGlobalIDString = 0BC634A22FF798FD00C75B28;
			remoteInfo = 27;
		};
/* End PBXContainerItemProxy section */

/* Begin PBXFileReference section */
		0BC634A32FF798FD00C75B28 /* 27.app */ = {isa = PBXFileReference; explicitFileType = wrapper.application; includeInIndex = 0; path = 27.app; sourceTree = BUILT_PRODUCTS_DIR; };
		0BC634B02FF798FE00C75B28 /* 27Tests.xctest */ = {isa = PBXFileReference; explicitFileType = wrapper.cfbundle; includeInIndex = 0; path = 27Tests.xctest; sourceTree = BUILT_PRODUCTS_DIR; };
		0BC634BA2FF798FE00C75B28 /* 27UITests.xctest */ = {isa = PBXFileReference; explicitFileType = wrapper.cfbundle; includeInIndex = 0; path = 27UITests.xctest; sourceTree = BUILT_PRODUCTS_DIR; };
		0BC634CD2FF79D2B00C75B28 /* Models.swift */ = {isa = PBXFileReference; lastKnownFileType = sourcecode.swift; path = Models.swift; sourceTree = "<group>"; };
		0BC634CF2FF79D3A00C75B28 /* MatchStore.swift */ = {isa = PBXFileReference; lastKnownFileType = sourcecode.swift; path = MatchStore.swift; sourceTree = "<group>"; };
		0BC634D12FF79D4300C75B28 /* MatchesData.swift */ = {isa = PBXFileReference; lastKnownFileType = sourcecode.swift; path = MatchesData.swift; sourceTree = "<group>"; };
		0BC634D32FF79D5200C75B28 /* BarcelonaShieldView.swift */ = {isa = PBXFileReference; lastKnownFileType = sourcecode.swift; path = BarcelonaShieldView.swift; sourceTree = "<group>"; };
		0BC634D52FF79DAB00C75B28 /* MatchDetailSheet.swift */ = {isa = PBXFileReference; lastKnownFileType = sourcecode.swift; path = MatchDetailSheet.swift; sourceTree = "<group>"; };
		0BC634D72FF79DC000C75B28 /* StandingsSheet.swift */ = {isa = PBXFileReference; lastKnownFileType = sourcecode.swift; path = StandingsSheet.swift; sourceTree = "<group>"; };
		0BC634D92FF79DCF00C75B28 /* TopScorersSheet.swift */ = {isa = PBXFileReference; lastKnownFileType = sourcecode.swift; path = TopScorersSheet.swift; sourceTree = "<group>"; };
		0BC634DD2FF7BA9100C75B28 /* TeamLogoView.swift */ = {isa = PBXFileReference; lastKnownFileType = sourcecode.swift; path = TeamLogoView.swift; sourceTree = "<group>"; };
/* End PBXFileReference section */

/* Begin PBXFileSystemSynchronizedRootGroup section */
		0BC634A52FF798FD00C75B28 /* 27 */ = {
			isa = PBXFileSystemSynchronizedRootGroup;
			path = 27;
			sourceTree = "<group>";
		};
		0BC634B32FF798FE00C75B28 /* 27Tests */ = {
			isa = PBXFileSystemSynchronizedRootGroup;
			path = 27Tests;
			sourceTree = "<group>";
		};
		0BC634BD2FF798FE00C75B28 /* 27UITests */ = {
			isa = PBXFileSystemSynchronizedRootGroup;
			path = 27UITests;
			sourceTree = "<group>";
		};
/* End PBXFileSystemSynchronizedRootGroup section */

/* Begin PBXFrameworksBuildPhase section */
		0BC634A02FF798FD00C75B28 /* Frameworks */ = {
			isa = PBXFrameworksBuildPhase;
			buildActionMask = 2147483647;
			files = (
			);
			runOnlyForDeploymentPostprocessing = 0;
		};
		0BC634AD2FF798FE00C75B28 /* Frameworks */ = {
			isa = PBXFrameworksBuildPhase;
			buildActionMask = 2147483647;
			files = (
			);
			runOnlyForDeploymentPostprocessing = 0;
		};
		0BC634B72FF798FE00C75B28 /* Frameworks */ = {
			isa = PBXFrameworksBuildPhase;
			buildActionMask = 2147483647;
			files = (
			);
			runOnlyForDeploymentPostprocessing = 0;
		};
/* End PBXFrameworksBuildPhase section */

/* Begin PBXGroup section */
		0BC6349A2FF798FD00C75B28 = {
			isa = PBXGroup;
			children = (
				0BC634A52FF798FD00C75B28 /* 27 */,
				0BC634B32FF798FE00C75B28 /* 27Tests */,
				0BC634BD2FF798FE00C75B28 /* 27UITests */,
				0BC634A42FF798FD00C75B28 /* Products */,
				0BC634CD2FF79D2B00C75B28 /* Models.swift */,
				0BC634CF2FF79D3A00C75B28 /* MatchStore.swift */,
				0BC634D12FF79D4300C75B28 /* MatchesData.swift */,
				0BC634D32FF79D5200C75B28 /* BarcelonaShieldView.swift */,
				0BC634D52FF79DAB00C75B28 /* MatchDetailSheet.swift */,
				0BC634D72FF79DC000C75B28 /* StandingsSheet.swift */,
				0BC634D92FF79DCF00C75B28 /* TopScorersSheet.swift */,
				0BC634DD2FF7BA9100C75B28 /* TeamLogoView.swift */,
			);
			sourceTree = "<group>";
		};
		0BC634A42FF798FD00C75B28 /* Products */ = {
			isa = PBXGroup;
			children = (
				0BC634A32FF798FD00C75B28 /* 27.app */,
				0BC634B02FF798FE00C75B28 /* 27Tests.xctest */,
				0BC634BA2FF798FE00C75B28 /* 27UITests.xctest */,
			);
			name = Products;
			sourceTree = "<group>";
		};
/* End PBXGroup section */

/* Begin PBXNativeTarget section */
		0BC634A22FF798FD00C75B28 /* 27 */ = {
			isa = PBXNativeTarget;
			buildConfigurationList = 0BC634C42FF798FE00C75B28 /* Build configuration list for PBXNativeTarget "27" */;
			buildPhases = (
				0BC6349F2FF798FD00C75B28 /* Sources */,
				0BC634A02FF798FD00C75B28 /* Frameworks */,
				0BC634A12FF798FD00C75B28 /* Resources */,
			);
			buildRules = (
			);
			dependencies = (
			);
			fileSystemSynchronizedGroups = (
				0BC634A52FF798FD00C75B28 /* 27 */,
			);
			name = 27;
			packageProductDependencies = (
			);
			productName = 27;
			productReference = 0BC634A32FF798FD00C75B28 /* 27.app */;
			productType = "com.apple.product-type.application";
		};
		0BC634AF2FF798FE00C75B28 /* 27Tests */ = {
			isa = PBXNativeTarget;
			buildConfigurationList = 0BC634C72FF798FE00C75B28 /* Build configuration list for PBXNativeTarget "27Tests" */;
			buildPhases = (
				0BC634AC2FF798FE00C75B28 /* Sources */,
				0BC634AD2FF798FE00C75B28 /* Frameworks */,
				0BC634AE2FF798FE00C75B28 /* Resources */,
			);
			buildRules = (
			);
			dependencies = (
				0BC634B22FF798FE00C75B28 /* PBXTargetDependency */,
			);
			fileSystemSynchronizedGroups = (
				0BC634B32FF798FE00C75B28 /* 27Tests */,
			);
			name = 27Tests;
			packageProductDependencies = (
			);
			productName = 27Tests;
			productReference = 0BC634B02FF798FE00C75B28 /* 27Tests.xctest */;
			productType = "com.apple.product-type.bundle.unit-test";
		};
		0BC634B92FF798FE00C75B28 /* 27UITests */ = {
			isa = PBXNativeTarget;
			buildConfigurationList = 0BC634CA2FF798FE00C75B28 /* Build configuration list for PBXNativeTarget "27UITests" */;
			buildPhases = (
				0BC634B62FF798FE00C75B28 /* Sources */,
				0BC634B72FF798FE00C75B28 /* Frameworks */,
				0BC634B82FF798FE00C75B28 /* Resources */,
			);
			buildRules = (
			);
			dependencies = (
				0BC634BC2FF798FE00C75B28 /* PBXTargetDependency */,
			);
			fileSystemSynchronizedGroups = (
				0BC634BD2FF798FE00C75B28 /* 27UITests */,
			);
			name = 27UITests;
			packageProductDependencies = (
			);
			productName = 27UITests;
			productReference = 0BC634BA2FF798FE00C75B28 /* 27UITests.xctest */;
			productType = "com.apple.product-type.bundle.ui-testing";
		};
/* End PBXNativeTarget section */

/* Begin PBXProject section */
		0BC6349B2FF798FD00C75B28 /* Project object */ = {
			isa = PBXProject;
			attributes = {
				BuildIndependentTargetsInParallel = 1;
				LastSwiftUpdateCheck = 2660;
				LastUpgradeCheck = 2660;
				TargetAttributes = {
					0BC634A22FF798FD00C75B28 = {
						CreatedOnToolsVersion = 26.6;
					};
					0BC634AF2FF798FE00C75B28 = {
						CreatedOnToolsVersion = 26.6;
						TestTargetID = 0BC634A22FF798FD00C75B28;
					};
					0BC634B92FF798FE00C75B28 = {
						CreatedOnToolsVersion = 26.6;
						TestTargetID = 0BC634A22FF798FD00C75B28;
					};
				};
			};
			buildConfigurationList = 0BC6349E2FF798FD00C75B28 /* Build configuration list for PBXProject "27" */;
			developmentRegion = en;
			hasScannedForEncodings = 0;
			knownRegions = (
				en,
				Base,
			);
			mainGroup = 0BC6349A2FF798FD00C75B28;
			minimizedProjectReferenceProxies = 1;
			preferredProjectObjectVersion = 77;
			productRefGroup = 0BC634A42FF798FD00C75B28 /* Products */;
			projectDirPath = "";
			projectRoot = "";
			targets = (
				0BC634A22FF798FD00C75B28 /* 27 */,
				0BC634AF2FF798FE00C75B28 /* 27Tests */,
				0BC634B92FF798FE00C75B28 /* 27UITests */,
			);
		};
/* End PBXProject section */

/* Begin PBXResourcesBuildPhase section */
		0BC634A12FF798FD00C75B28 /* Resources */ = {
			isa = PBXResourcesBuildPhase;
			buildActionMask = 2147483647;
			files = (
			);
			runOnlyForDeploymentPostprocessing = 0;
		};
		0BC634AE2FF798FE00C75B28 /* Resources */ = {
			isa = PBXResourcesBuildPhase;
			buildActionMask = 2147483647;
			files = (
			);
			runOnlyForDeploymentPostprocessing = 0;
		};
		0BC634B82FF798FE00C75B28 /* Resources */ = {
			isa = PBXResourcesBuildPhase;
			buildActionMask = 2147483647;
			files = (
			);
			runOnlyForDeploymentPostprocessing = 0;
		};
/* End PBXResourcesBuildPhase section */

/* Begin PBXSourcesBuildPhase section */
		0BC6349F2FF798FD00C75B28 /* Sources */ = {
			isa = PBXSourcesBuildPhase;
			buildActionMask = 2147483647;
			files = (
				0BC634CE2FF79D2B00C75B28 /* Models.swift in Sources */,
				0BC634DA2FF79DCF00C75B28 /* TopScorersSheet.swift in Sources */,
				0BC634D22FF79D4300C75B28 /* MatchesData.swift in Sources */,
				0BC634D02FF79D3A00C75B28 /* MatchStore.swift in Sources */,
				0BC634D82FF79DC000C75B28 /* StandingsSheet.swift in Sources */,
				0BC634D62FF79DAB00C75B28 /* MatchDetailSheet.swift in Sources */,
				0BC634DE2FF7BA9100C75B28 /* TeamLogoView.swift in Sources */,
				0BC634D42FF79D5200C75B28 /* BarcelonaShieldView.swift in Sources */,
			);
			runOnlyForDeploymentPostprocessing = 0;
		};
		0BC634AC2FF798FE00C75B28 /* Sources */ = {
			isa = PBXSourcesBuildPhase;
			buildActionMask = 2147483647;
			files = (
			);
			runOnlyForDeploymentPostprocessing = 0;
		};
		0BC634B62FF798FE00C75B28 /* Sources */ = {
			isa = PBXSourcesBuildPhase;
			buildActionMask = 2147483647;
			files = (
			);
			runOnlyForDeploymentPostprocessing = 0;
		};
/* End PBXSourcesBuildPhase section */

/* Begin PBXTargetDependency section */
		0BC634B22FF798FE00C75B28 /* PBXTargetDependency */ = {
			isa = PBXTargetDependency;
			target = 0BC634A22FF798FD00C75B28 /* 27 */;
			targetProxy = 0BC634B12FF798FE00C75B28 /* PBXContainerItemProxy */;
		};
		0BC634BC2FF798FE00C75B28 /* PBXTargetDependency */ = {
			isa = PBXTargetDependency;
			target = 0BC634A22FF798FD00C75B28 /* 27 */;
			targetProxy = 0BC634BB2FF798FE00C75B28 /* PBXContainerItemProxy */;
		};
/* End PBXTargetDependency section */

/* Begin XCBuildConfiguration section */
		0BC634C22FF798FE00C75B28 /* Debug */ = {
			isa = XCBuildConfiguration;
			buildSettings = {
				ALWAYS_SEARCH_USER_PATHS = NO;
				ASSETCATALOG_COMPILER_GENERATE_SWIFT_ASSET_SYMBOL_EXTENSIONS = YES;
				CLANG_ANALYZER_NONNULL = YES;
				CLANG_ANALYZER_NUMBER_OBJECT_CONVERSION = YES_AGGRESSIVE;
				CLANG_CXX_LANGUAGE_STANDARD = "gnu++20";
				CLANG_ENABLE_MODULES = YES;
				CLANG_ENABLE_OBJC_ARC = YES;
				CLANG_ENABLE_OBJC_WEAK = YES;
				CLANG_WARN_BLOCK_CAPTURE_AUTORELEASING = YES;
				CLANG_WARN_BOOL_CONVERSION = YES;
				CLANG_WARN_COMMA = YES;
				CLANG_WARN_CONSTANT_CONVERSION = YES;
				CLANG_WARN_DEPRECATED_OBJC_IMPLEMENTATIONS = YES;
				CLANG_WARN_DIRECT_OBJC_ISA_USAGE = YES_ERROR;
				CLANG_WARN_DOCUMENTATION_COMMENTS = YES;
				CLANG_WARN_EMPTY_BODY = YES;
				CLANG_WARN_ENUM_CONVERSION = YES;
				CLANG_WARN_INFINITE_RECURSION = YES;
				CLANG_WARN_INT_CONVERSION = YES;
				CLANG_WARN_NON_LITERAL_NULL_CONVERSION = YES;
				CLANG_WARN_OBJC_IMPLICIT_RETAIN_SELF = YES;
				CLANG_WARN_OBJC_LITERAL_CONVERSION = YES;
				CLANG_WARN_OBJC_ROOT_CLASS = YES_ERROR;
				CLANG_WARN_QUOTED_INCLUDE_IN_FRAMEWORK_HEADER = YES;
				CLANG_WARN_RANGE_LOOP_ANALYSIS = YES;
				CLANG_WARN_STRICT_PROTOTYPES = YES;
				CLANG_WARN_SUSPICIOUS_MOVE = YES;
				CLANG_WARN_UNGUARDED_AVAILABILITY = YES_AGGRESSIVE;
				CLANG_WARN_UNREACHABLE_CODE = YES;
				CLANG_WARN__DUPLICATE_METHOD_MATCH = YES;
				COPY_PHASE_STRIP = NO;
				DEBUG_INFORMATION_FORMAT = dwarf;
				DEVELOPMENT_TEAM = TJ6V4QM3GB;
				ENABLE_STRICT_OBJC_MSGSEND = YES;
				ENABLE_TESTABILITY = YES;
				ENABLE_USER_SCRIPT_SANDBOXING = YES;
				GCC_C_LANGUAGE_STANDARD = gnu17;
				GCC_DYNAMIC_NO_PIC = NO;
				GCC_NO_COMMON_BLOCKS = YES;
				GCC_OPTIMIZATION_LEVEL = 0;
				GCC_PREPROCESSOR_DEFINITIONS = (
					"DEBUG=1",
					"$(inherited)",
				);
				GCC_WARN_64_TO_32_BIT_CONVERSION = YES;
				GCC_WARN_ABOUT_RETURN_TYPE = YES_ERROR;
				GCC_WARN_UNDECLARED_SELECTOR = YES;
				GCC_WARN_UNINITIALIZED_AUTOS = YES_AGGRESSIVE;
				GCC_WARN_UNUSED_FUNCTION = YES;
				GCC_WARN_UNUSED_VARIABLE = YES;
				IPHONEOS_DEPLOYMENT_TARGET = 26.5;
				LOCALIZATION_PREFERS_STRING_CATALOGS = YES;
				MTL_ENABLE_DEBUG_INFO = INCLUDE_SOURCE;
				MTL_FAST_MATH = YES;
				ONLY_ACTIVE_ARCH = YES;
				SDKROOT = iphoneos;
				SWIFT_ACTIVE_COMPILATION_CONDITIONS = "DEBUG $(inherited)";
				SWIFT_OPTIMIZATION_LEVEL = "-Onone";
			};
			name = Debug;
		};
		0BC634C32FF798FE00C75B28 /* Release */ = {
			isa = XCBuildConfiguration;
			buildSettings = {
				ALWAYS_SEARCH_USER_PATHS = NO;
				ASSETCATALOG_COMPILER_GENERATE_SWIFT_ASSET_SYMBOL_EXTENSIONS = YES;
				CLANG_ANALYZER_NONNULL = YES;
				CLANG_ANALYZER_NUMBER_OBJECT_CONVERSION = YES_AGGRESSIVE;
				CLANG_CXX_LANGUAGE_STANDARD = "gnu++20";
				CLANG_ENABLE_MODULES = YES;
				CLANG_ENABLE_OBJC_ARC = YES;
				CLANG_ENABLE_OBJC_WEAK = YES;
				CLANG_WARN_BLOCK_CAPTURE_AUTORELEASING = YES;
				CLANG_WARN_BOOL_CONVERSION = YES;
				CLANG_WARN_COMMA = YES;
				CLANG_WARN_CONSTANT_CONVERSION = YES;
				CLANG_WARN_DEPRECATED_OBJC_IMPLEMENTATIONS = YES;
				CLANG_WARN_DIRECT_OBJC_ISA_USAGE = YES_ERROR;
				CLANG_WARN_DOCUMENTATION_COMMENTS = YES;
				CLANG_WARN_EMPTY_BODY = YES;
				CLANG_WARN_ENUM_CONVERSION = YES;
				CLANG_WARN_INFINITE_RECURSION = YES;
				CLANG_WARN_INT_CONVERSION = YES;
				CLANG_WARN_NON_LITERAL_NULL_CONVERSION = YES;
				CLANG_WARN_OBJC_IMPLICIT_RETAIN_SELF = YES;
				CLANG_WARN_OBJC_LITERAL_CONVERSION = YES;
				CLANG_WARN_OBJC_ROOT_CLASS = YES_ERROR;
				CLANG_WARN_QUOTED_INCLUDE_IN_FRAMEWORK_HEADER = YES;
				CLANG_WARN_RANGE_LOOP_ANALYSIS = YES;
				CLANG_WARN_STRICT_PROTOTYPES = YES;
				CLANG_WARN_SUSPICIOUS_MOVE = YES;
				CLANG_WARN_UNGUARDED_AVAILABILITY = YES_AGGRESSIVE;
				CLANG_WARN_UNREACHABLE_CODE = YES;
				CLANG_WARN__DUPLICATE_METHOD_MATCH = YES;
				COPY_PHASE_STRIP = NO;
				DEBUG_INFORMATION_FORMAT = "dwarf-with-dsym";
				DEVELOPMENT_TEAM = TJ6V4QM3GB;
				ENABLE_NS_ASSERTIONS = NO;
				ENABLE_STRICT_OBJC_MSGSEND = YES;
				ENABLE_USER_SCRIPT_SANDBOXING = YES;
				GCC_C_LANGUAGE_STANDARD = gnu17;
				GCC_NO_COMMON_BLOCKS = YES;
				GCC_WARN_64_TO_32_BIT_CONVERSION = YES;
				GCC_WARN_ABOUT_RETURN_TYPE = YES_ERROR;
				GCC_WARN_UNDECLARED_SELECTOR = YES;
				GCC_WARN_UNINITIALIZED_AUTOS = YES_AGGRESSIVE;
				GCC_WARN_UNUSED_FUNCTION = YES;
				GCC_WARN_UNUSED_VARIABLE = YES;
				IPHONEOS_DEPLOYMENT_TARGET = 26.5;
				LOCALIZATION_PREFERS_STRING_CATALOGS = YES;
				MTL_ENABLE_DEBUG_INFO = NO;
				MTL_FAST_MATH = YES;
				SDKROOT = iphoneos;
				SWIFT_COMPILATION_MODE = wholemodule;
				VALIDATE_PRODUCT = YES;
			};
			name = Release;
		};
		0BC634C52FF798FE00C75B28 /* Debug */ = {
			isa = XCBuildConfiguration;
			buildSettings = {
				ASSETCATALOG_COMPILER_APPICON_NAME = AppIcon;
				ASSETCATALOG_COMPILER_GLOBAL_ACCENT_COLOR_NAME = AccentColor;
				CODE_SIGN_STYLE = Automatic;
				CURRENT_PROJECT_VERSION = 1;
				DEVELOPMENT_TEAM = TJ6V4QM3GB;
				ENABLE_PREVIEWS = YES;
				GENERATE_INFOPLIST_FILE = YES;
				INFOPLIST_KEY_UIApplicationSceneManifest_Generation = YES;
				INFOPLIST_KEY_UIApplicationSupportsIndirectInputEvents = YES;
				INFOPLIST_KEY_UILaunchScreen_Generation = YES;
				INFOPLIST_KEY_UISupportedInterfaceOrientations_iPad = "UIInterfaceOrientationPortrait UIInterfaceOrientationPortraitUpsideDown UIInterfaceOrientationLandscapeLeft UIInterfaceOrientationLandscapeRight";
				INFOPLIST_KEY_UISupportedInterfaceOrientations_iPhone = "UIInterfaceOrientationPortrait UIInterfaceOrientationLandscapeLeft UIInterfaceOrientationLandscapeRight";
				LD_RUNPATH_SEARCH_PATHS = (
					"$(inherited)",
					"@executable_path/Frameworks",
				);
				MARKETING_VERSION = 1.0;
				PRODUCT_BUNDLE_IDENTIFIER = "com.cornellana.OpencodeTest.-7";
				PRODUCT_NAME = "$(TARGET_NAME)";
				STRING_CATALOG_GENERATE_SYMBOLS = YES;
				SWIFT_APPROACHABLE_CONCURRENCY = YES;
				SWIFT_DEFAULT_ACTOR_ISOLATION = MainActor;
				SWIFT_EMIT_LOC_STRINGS = YES;
				SWIFT_UPCOMING_FEATURE_MEMBER_IMPORT_VISIBILITY = YES;
				SWIFT_VERSION = 5.0;
				TARGETED_DEVICE_FAMILY = "1,2";
			};
			name = Debug;
		};
		0BC634C62FF798FE00C75B28 /* Release */ = {
			isa = XCBuildConfiguration;
			buildSettings = {
				ASSETCATALOG_COMPILER_APPICON_NAME = AppIcon;
				ASSETCATALOG_COMPILER_GLOBAL_ACCENT_COLOR_NAME = AccentColor;
				CODE_SIGN_STYLE = Automatic;
				CURRENT_PROJECT_VERSION = 1;
				DEVELOPMENT_TEAM = TJ6V4QM3GB;
				ENABLE_PREVIEWS = YES;
				GENERATE_INFOPLIST_FILE = YES;
				INFOPLIST_KEY_UIApplicationSceneManifest_Generation = YES;
				INFOPLIST_KEY_UIApplicationSupportsIndirectInputEvents = YES;
				INFOPLIST_KEY_UILaunchScreen_Generation = YES;
				INFOPLIST_KEY_UISupportedInterfaceOrientations_iPad = "UIInterfaceOrientationPortrait UIInterfaceOrientationPortraitUpsideDown UIInterfaceOrientationLandscapeLeft UIInterfaceOrientationLandscapeRight";
				INFOPLIST_KEY_UISupportedInterfaceOrientations_iPhone = "UIInterfaceOrientationPortrait UIInterfaceOrientationLandscapeLeft UIInterfaceOrientationLandscapeRight";
				LD_RUNPATH_SEARCH_PATHS = (
					"$(inherited)",
					"@executable_path/Frameworks",
				);
				MARKETING_VERSION = 1.0;
				PRODUCT_BUNDLE_IDENTIFIER = "com.cornellana.OpencodeTest.-7";
				PRODUCT_NAME = "$(TARGET_NAME)";
				STRING_CATALOG_GENERATE_SYMBOLS = YES;
				SWIFT_APPROACHABLE_CONCURRENCY = YES;
				SWIFT_DEFAULT_ACTOR_ISOLATION = MainActor;
				SWIFT_EMIT_LOC_STRINGS = YES;
				SWIFT_UPCOMING_FEATURE_MEMBER_IMPORT_VISIBILITY = YES;
				SWIFT_VERSION = 5.0;
				TARGETED_DEVICE_FAMILY = "1,2";
			};
			name = Release;
		};
		0BC634C82FF798FE00C75B28 /* Debug */ = {
			isa = XCBuildConfiguration;
			buildSettings = {
				BUNDLE_LOADER = "$(TEST_HOST)";
				CODE_SIGN_STYLE = Automatic;
				CURRENT_PROJECT_VERSION = 1;
				DEVELOPMENT_TEAM = TJ6V4QM3GB;
				GENERATE_INFOPLIST_FILE = YES;
				IPHONEOS_DEPLOYMENT_TARGET = 26.5;
				MARKETING_VERSION = 1.0;
				PRODUCT_BUNDLE_IDENTIFIER = "com.cornellana.OpencodeTest.-7Tests";
				PRODUCT_NAME = "$(TARGET_NAME)";
				STRING_CATALOG_GENERATE_SYMBOLS = NO;
				SWIFT_APPROACHABLE_CONCURRENCY = YES;
				SWIFT_EMIT_LOC_STRINGS = NO;
				SWIFT_UPCOMING_FEATURE_MEMBER_IMPORT_VISIBILITY = YES;
				SWIFT_VERSION = 5.0;
				TARGETED_DEVICE_FAMILY = "1,2";
				TEST_HOST = "$(BUILT_PRODUCTS_DIR)/27.app/$(BUNDLE_EXECUTABLE_FOLDER_PATH)/27";
			};
			name = Debug;
		};
		0BC634C92FF798FE00C75B28 /* Release */ = {
			isa = XCBuildConfiguration;
			buildSettings = {
				BUNDLE_LOADER = "$(TEST_HOST)";
				CODE_SIGN_STYLE = Automatic;
				CURRENT_PROJECT_VERSION = 1;
				DEVELOPMENT_TEAM = TJ6V4QM3GB;
				GENERATE_INFOPLIST_FILE = YES;
				IPHONEOS_DEPLOYMENT_TARGET = 26.5;
				MARKETING_VERSION = 1.0;
				PRODUCT_BUNDLE_IDENTIFIER = "com.cornellana.OpencodeTest.-7Tests";
				PRODUCT_NAME = "$(TARGET_NAME)";
				STRING_CATALOG_GENERATE_SYMBOLS = NO;
				SWIFT_APPROACHABLE_CONCURRENCY = YES;
				SWIFT_EMIT_LOC_STRINGS = NO;
				SWIFT_UPCOMING_FEATURE_MEMBER_IMPORT_VISIBILITY = YES;
				SWIFT_VERSION = 5.0;
				TARGETED_DEVICE_FAMILY = "1,2";
				TEST_HOST = "$(BUILT_PRODUCTS_DIR)/27.app/$(BUNDLE_EXECUTABLE_FOLDER_PATH)/27";
			};
			name = Release;
		};
		0BC634CB2FF798FE00C75B28 /* Debug */ = {
			isa = XCBuildConfiguration;
			buildSettings = {
				CODE_SIGN_STYLE = Automatic;
				CURRENT_PROJECT_VERSION = 1;
				DEVELOPMENT_TEAM = TJ6V4QM3GB;
				GENERATE_INFOPLIST_FILE = YES;
				MARKETING_VERSION = 1.0;
				PRODUCT_BUNDLE_IDENTIFIER = "com.cornellana.OpencodeTest.-7UITests";
				PRODUCT_NAME = "$(TARGET_NAME)";
				STRING_CATALOG_GENERATE_SYMBOLS = NO;
				SWIFT_APPROACHABLE_CONCURRENCY = YES;
				SWIFT_EMIT_LOC_STRINGS = NO;
				SWIFT_UPCOMING_FEATURE_MEMBER_IMPORT_VISIBILITY = YES;
				SWIFT_VERSION = 5.0;
				TARGETED_DEVICE_FAMILY = "1,2";
				TEST_TARGET_NAME = 27;
			};
			name = Debug;
		};
		0BC634CC2FF798FE00C75B28 /* Release */ = {
			isa = XCBuildConfiguration;
			buildSettings = {
				CODE_SIGN_STYLE = Automatic;
				CURRENT_PROJECT_VERSION = 1;
				DEVELOPMENT_TEAM = TJ6V4QM3GB;
				GENERATE_INFOPLIST_FILE = YES;
				MARKETING_VERSION = 1.0;
				PRODUCT_BUNDLE_IDENTIFIER = "com.cornellana.OpencodeTest.-7UITests";
				PRODUCT_NAME = "$(TARGET_NAME)";
				STRING_CATALOG_GENERATE_SYMBOLS = NO;
				SWIFT_APPROACHABLE_CONCURRENCY = YES;
				SWIFT_EMIT_LOC_STRINGS = NO;
				SWIFT_UPCOMING_FEATURE_MEMBER_IMPORT_VISIBILITY = YES;
				SWIFT_VERSION = 5.0;
				TARGETED_DEVICE_FAMILY = "1,2";
				TEST_TARGET_NAME = 27;
			};
			name = Release;
		};
/* End XCBuildConfiguration section */

/* Begin XCConfigurationList section */
		0BC6349E2FF798FD00C75B28 /* Build configuration list for PBXProject "27" */ = {
			isa = XCConfigurationList;
			buildConfigurations = (
				0BC634C22FF798FE00C75B28 /* Debug */,
				0BC634C32FF798FE00C75B28 /* Release */,
			);
			defaultConfigurationIsVisible = 0;
			defaultConfigurationName = Release;
		};
		0BC634C42FF798FE00C75B28 /* Build configuration list for PBXNativeTarget "27" */ = {
			isa = XCConfigurationList;
			buildConfigurations = (
				0BC634C52FF798FE00C75B28 /* Debug */,
				0BC634C62FF798FE00C75B28 /* Release */,
			);
			defaultConfigurationIsVisible = 0;
			defaultConfigurationName = Release;
		};
		0BC634C72FF798FE00C75B28 /* Build configuration list for PBXNativeTarget "27Tests" */ = {
			isa = XCConfigurationList;
			buildConfigurations = (
				0BC634C82FF798FE00C75B28 /* Debug */,
				0BC634C92FF798FE00C75B28 /* Release */,
			);
			defaultConfigurationIsVisible = 0;
			defaultConfigurationName = Release;
		};
		0BC634CA2FF798FE00C75B28 /* Build configuration list for PBXNativeTarget "27UITests" */ = {
			isa = XCConfigurationList;
			buildConfigurations = (
				0BC634CB2FF798FE00C75B28 /* Debug */,
				0BC634CC2FF798FE00C75B28 /* Release */,
			);
			defaultConfigurationIsVisible = 0;
			defaultConfigurationName = Release;
		};
/* End XCConfigurationList section */
	};
	rootObject = 0BC6349B2FF798FD00C75B28 /* Project object */;
}
